
Microsoft Visual Studio Solution File, Format Version 12.00
# Visual Studio Version 17
VisualStudioVersion = 17.11.35327.3
MinimumVisualStudioVersion = 10.0.40219.1
Project("{FAE04EC0-301F-11D3-BF4B-00C04F79EFBC}") = "WinFormsApp4", "WinFormsApp4\WinFormsApp4.csproj", "{5069EC54-D9EF-423D-B77F-74D611077EA6}"
EndProject
Global
	GlobalSection(SolutionConfigurationPlatforms) = preSolution
		Debug|Any CPU = Debug|Any CPU
		Release|Any CPU = Release|Any CPU
	EndGlobalSection
	GlobalSection(ProjectConfigurationPlatforms) = postSolution
		{5069EC54-D9EF-423D-B77F-74D611077EA6}.Debug|Any CPU.ActiveCfg = Debug|Any CPU
		{5069EC54-D9EF-423D-B77F-74D611077EA6}.Debug|Any CPU.Build.0 = Debug|Any CPU
		{5069EC54-D9EF-423D-B77F-74D611077EA6}.Release|Any CPU.ActiveCfg = Release|Any CPU
		{5069EC54-D9EF-423D-B77F-74D611077EA6}.Release|Any CPU.Build.0 = Release|Any CPU
	EndGlobalSection
	GlobalSection(SolutionProperties) = preSolution
		HideSolutionNode = FALSE
	EndGlobalSection
	GlobalSection(ExtensibilityGlobals) = postSolution
		SolutionGuid = {32E565A0-E70C-493D-AE15-E382521ED870}
	EndGlobalSection
EndGlobal
